
Microsoft Visual Studio Solution File, Format Version 12.00
# Visual Studio Version 16
VisualStudioVersion = 16.0.30011.22
MinimumVisualStudioVersion = 10.0.40219.1
Project("{9A19103F-16F7-4668-BE54-9A1E7A4F7556}") = "LAB1", "LAB1\LAB1.csproj", "{8B269702-AF9B-409A-9EC5-409F79F9D0F1}"
EndProject
Global
	GlobalSection(SolutionConfigurationPlatforms) = preSolution
		Debug|Any CPU = Debug|Any CPU
		Release|Any CPU = Release|Any CPU
	EndGlobalSection
	GlobalSection(ProjectConfigurationPlatforms) = postSolution
		{8B269702-AF9B-409A-9EC5-409F79F9D0F1}.Debug|Any CPU.ActiveCfg = Debug|Any CPU
		{8B269702-AF9B-409A-9EC5-409F79F9D0F1}.Debug|Any CPU.Build.0 = Debug|Any CPU
		{8B269702-AF9B-409A-9EC5-409F79F9D0F1}.Release|Any CPU.ActiveCfg = Release|Any CPU
		{8B269702-AF9B-409A-9EC5-409F79F9D0F1}.Release|Any CPU.Build.0 = Release|Any CPU
	EndGlobalSection
	GlobalSection(SolutionProperties) = preSolution
		HideSolutionNode = FALSE
	EndGlobalSection
	GlobalSection(ExtensibilityGlobals) = postSolution
		SolutionGuid = {C9206B4B-3892-4E0B-AD5E-E8FCB6DD7EC5}
	EndGlobalSection
EndGlobal
