
Microsoft Visual Studio Solution File, Format Version 12.00
# Visual Studio Version 16
VisualStudioVersion = 16.0.30011.22
MinimumVisualStudioVersion = 10.0.40219.1
Project("{FAE04EC0-301F-11D3-BF4B-00C04F79EFBC}") = "CarLibrary", "CarLibrary\CarLibrary.csproj", "{7D6867F8-0579-435E-BC05-735442750567}"
EndProject
Project("{9A19103F-16F7-4668-BE54-9A1E7A4F7556}") = "LAB1", "LAB1\LAB1.csproj", "{4844E4B2-6650-4A99-AB32-F810B35C9CAF}"
EndProject
Project("{9A19103F-16F7-4668-BE54-9A1E7A4F7556}") = "StudentGeneration", "..\..\..\..\..\..\GitHub\dotnet\SE1401-PRN292\StudentGeneration\StudentGeneration.csproj", "{5E23BC3B-7BD4-419F-85BA-E748A1AF690D}"
EndProject
Global
	GlobalSection(SolutionConfigurationPlatforms) = preSolution
		Debug|Any CPU = Debug|Any CPU
		Release|Any CPU = Release|Any CPU
	EndGlobalSection
	GlobalSection(ProjectConfigurationPlatforms) = postSolution
		{7D6867F8-0579-435E-BC05-735442750567}.Debug|Any CPU.ActiveCfg = Debug|Any CPU
		{7D6867F8-0579-435E-BC05-735442750567}.Debug|Any CPU.Build.0 = Debug|Any CPU
		{7D6867F8-0579-435E-BC05-735442750567}.Release|Any CPU.ActiveCfg = Release|Any CPU
		{7D6867F8-0579-435E-BC05-735442750567}.Release|Any CPU.Build.0 = Release|Any CPU
		{4844E4B2-6650-4A99-AB32-F810B35C9CAF}.Debug|Any CPU.ActiveCfg = Debug|Any CPU
		{4844E4B2-6650-4A99-AB32-F810B35C9CAF}.Debug|Any CPU.Build.0 = Debug|Any CPU
		{4844E4B2-6650-4A99-AB32-F810B35C9CAF}.Release|Any CPU.ActiveCfg = Release|Any CPU
		{4844E4B2-6650-4A99-AB32-F810B35C9CAF}.Release|Any CPU.Build.0 = Release|Any CPU
		{5E23BC3B-7BD4-419F-85BA-E748A1AF690D}.Debug|Any CPU.ActiveCfg = Debug|Any CPU
		{5E23BC3B-7BD4-419F-85BA-E748A1AF690D}.Debug|Any CPU.Build.0 = Debug|Any CPU
		{5E23BC3B-7BD4-419F-85BA-E748A1AF690D}.Release|Any CPU.ActiveCfg = Release|Any CPU
		{5E23BC3B-7BD4-419F-85BA-E748A1AF690D}.Release|Any CPU.Build.0 = Release|Any CPU
	EndGlobalSection
	GlobalSection(SolutionProperties) = preSolution
		HideSolutionNode = FALSE
	EndGlobalSection
	GlobalSection(ExtensibilityGlobals) = postSolution
		SolutionGuid = {C9206B4B-3892-4E0B-AD5E-E8FCB6DD7EC5}
	EndGlobalSection
EndGlobal
